Microsoft Visual Studio Solution File, Format Version 12.00
# Visual Studio Version 17
VisualStudioVersion = 17.5.2.0
MinimumVisualStudioVersion = 10.0.40219.1
Project("{FAE04EC0-301F-11D3-BF4B-00C04F79EFBC}") = "level6", "level6.csproj", "{9CB98E65-3BF6-C31A-CD5A-BA43808C68FD}"
EndProject
Global
	GlobalSection(SolutionConfigurationPlatforms) = preSolution
		Debug|Any CPU = Debug|Any CPU
		Release|Any CPU = Release|Any CPU
	EndGlobalSection
	GlobalSection(ProjectConfigurationPlatforms) = postSolution
		{9CB98E65-3BF6-C31A-CD5A-BA43808C68FD}.Debug|Any CPU.ActiveCfg = Debug|Any CPU
		{9CB98E65-3BF6-C31A-CD5A-BA43808C68FD}.Debug|Any CPU.Build.0 = Debug|Any CPU
		{9CB98E65-3BF6-C31A-CD5A-BA43808C68FD}.Release|Any CPU.ActiveCfg = Release|Any CPU
		{9CB98E65-3BF6-C31A-CD5A-BA43808C68FD}.Release|Any CPU.Build.0 = Release|Any CPU
	EndGlobalSection
	GlobalSection(SolutionProperties) = preSolution
		HideSolutionNode = FALSE
	EndGlobalSection
	GlobalSection(ExtensibilityGlobals) = postSolution
		SolutionGuid = {910C0CAD-CB13-400E-BA70-9C220AE97F6E}
	EndGlobalSection
EndGlobal
